
Microsoft Visual Studio Solution File, Format Version 12.00
# Visual Studio 15
VisualStudioVersion = 15.0.28307.779
MinimumVisualStudioVersion = 10.0.40219.1
Project("{159641D6-6404-4A2A-AE62-294DE0FE8301}") = "DWBI_SSIS_Pavliuk", "DWBI_SSIS_Pavliuk\DWBI_SSIS_Pavliuk.dtproj", "{81CB4D36-694A-4FC0-BDD1-CEDB127E6BCA}"
EndProject
Global
	GlobalSection(SolutionConfigurationPlatforms) = preSolution
		Development|Default = Development|Default
	EndGlobalSection
	GlobalSection(ProjectConfigurationPlatforms) = postSolution
		{81CB4D36-694A-4FC0-BDD1-CEDB127E6BCA}.Development|Default.ActiveCfg = Development
		{81CB4D36-694A-4FC0-BDD1-CEDB127E6BCA}.Development|Default.Build.0 = Development
	EndGlobalSection
	GlobalSection(SolutionProperties) = preSolution
		HideSolutionNode = FALSE
	EndGlobalSection
	GlobalSection(ExtensibilityGlobals) = postSolution
		SolutionGuid = {A9BA1C5B-E8C0-48C1-8606-858570092E1F}
	EndGlobalSection
EndGlobal
